
Microsoft Visual Studio Solution File, Format Version 12.00
# Visual Studio 15
VisualStudioVersion = 15.0.28307.329
MinimumVisualStudioVersion = 10.0.40219.1
Project("{FAE04EC0-301F-11D3-BF4B-00C04F79EFBC}") = "MarkCalculator2.Android", "MarkCalculator2\MarkCalculator2.Android\MarkCalculator2.Android.csproj", "{EDBFA92F-513D-425B-B8F8-6D27FD3B3007}"
EndProject
Project("{FAE04EC0-301F-11D3-BF4B-00C04F79EFBC}") = "MarkCalculator2.iOS", "MarkCalculator2\MarkCalculator2.iOS\MarkCalculator2.iOS.csproj", "{18BF3092-F248-4D0A-ACF5-26BF1F22A753}"
EndProject
Project("{FAE04EC0-301F-11D3-BF4B-00C04F79EFBC}") = "MarkCalculator2.UWP", "MarkCalculator2\MarkCalculator2.UWP\MarkCalculator2.UWP.csproj", "{082D0C37-99EC-4E54-AE03-453FE6B2FF25}"
EndProject
Project("{FAE04EC0-301F-11D3-BF4B-00C04F79EFBC}") = "MarkCalculator2", "MarkCalculator2\MarkCalculator2\MarkCalculator2.csproj", "{840EDB0D-90DB-4EBF-95BC-EEF2CF54E20B}"
EndProject
Project("{2150E333-8FDC-42A3-9474-1A3956D46DE8}") = "client", "client", "{66F4BFD7-21BC-47AE-8EB6-6F3DCAE709DE}"
EndProject
Project("{2150E333-8FDC-42A3-9474-1A3956D46DE8}") = "core", "core", "{B84097E3-B2E5-462B-A26E-18FB80048F38}"
EndProject
Project("{FAE04EC0-301F-11D3-BF4B-00C04F79EFBC}") = "SQLClassLibrary", "SQLClassLibrary\SQLClassLibrary.csproj", "{AABF5FC2-4D4D-46A2-B7BE-7E7E50ABC852}"
EndProject
Project("{FAE04EC0-301F-11D3-BF4B-00C04F79EFBC}") = "Entities", "Entities\Entities.csproj", "{47421D91-3DC2-4009-BEB1-8E50AD80F7EB}"
EndProject
Project("{FAE04EC0-301F-11D3-BF4B-00C04F79EFBC}") = "Provider", "Provider\Provider.csproj", "{BF1EF7B6-53B3-4BA0-A904-96A540C6549C}"
EndProject
Global
	GlobalSection(SolutionConfigurationPlatforms) = preSolution
		Ad-Hoc|Any CPU = Ad-Hoc|Any CPU
		Ad-Hoc|ARM = Ad-Hoc|ARM
		Ad-Hoc|iPhone = Ad-Hoc|iPhone
		Ad-Hoc|iPhoneSimulator = Ad-Hoc|iPhoneSimulator
		Ad-Hoc|x64 = Ad-Hoc|x64
		Ad-Hoc|x86 = Ad-Hoc|x86
		AppStore|Any CPU = AppStore|Any CPU
		AppStore|ARM = AppStore|ARM
		AppStore|iPhone = AppStore|iPhone
		AppStore|iPhoneSimulator = AppStore|iPhoneSimulator
		AppStore|x64 = AppStore|x64
		AppStore|x86 = AppStore|x86
		Debug|Any CPU = Debug|Any CPU
		Debug|ARM = Debug|ARM
		Debug|iPhone = Debug|iPhone
		Debug|iPhoneSimulator = Debug|iPhoneSimulator
		Debug|x64 = Debug|x64
		Debug|x86 = Debug|x86
		Release|Any CPU = Release|Any CPU
		Release|ARM = Release|ARM
		Release|iPhone = Release|iPhone
		Release|iPhoneSimulator = Release|iPhoneSimulator
		Release|x64 = Release|x64
		Release|x86 = Release|x86
	EndGlobalSection
	GlobalSection(ProjectConfigurationPlatforms) = postSolution
		{EDBFA92F-513D-425B-B8F8-6D27FD3B3007}.Ad-Hoc|Any CPU.ActiveCfg = Release|Any CPU
		{EDBFA92F-513D-425B-B8F8-6D27FD3B3007}.Ad-Hoc|Any CPU.Build.0 = Release|Any CPU
		{EDBFA92F-513D-425B-B8F8-6D27FD3B3007}.Ad-Hoc|Any CPU.Deploy.0 = Release|Any CPU
		{EDBFA92F-513D-425B-B8F8-6D27FD3B3007}.Ad-Hoc|ARM.ActiveCfg = Release|Any CPU
		{EDBFA92F-513D-425B-B8F8-6D27FD3B3007}.Ad-Hoc|ARM.Build.0 = Release|Any CPU
		{EDBFA92F-513D-425B-B8F8-6D27FD3B3007}.Ad-Hoc|ARM.Deploy.0 = Release|Any CPU
		{EDBFA92F-513D-425B-B8F8-6D27FD3B3007}.Ad-Hoc|iPhone.ActiveCfg = Release|Any CPU
		{EDBFA92F-513D-425B-B8F8-6D27FD3B3007}.Ad-Hoc|iPhone.Build.0 = Release|Any CPU
		{EDBFA92F-513D-425B-B8F8-6D27FD3B3007}.Ad-Hoc|iPhone.Deploy.0 = Release|Any CPU
		{EDBFA92F-513D-425B-B8F8-6D27FD3B3007}.Ad-Hoc|iPhoneSimulator.ActiveCfg = Release|Any CPU
		{EDBFA92F-513D-425B-B8F8-6D27FD3B3007}.Ad-Hoc|iPhoneSimulator.Build.0 = Release|Any CPU
		{EDBFA92F-513D-425B-B8F8-6D27FD3B3007}.Ad-Hoc|iPhoneSimulator.Deploy.0 = Release|Any CPU
		{EDBFA92F-513D-425B-B8F8-6D27FD3B3007}.Ad-Hoc|x64.ActiveCfg = Release|Any CPU
		{EDBFA92F-513D-425B-B8F8-6D27FD3B3007}.Ad-Hoc|x64.Build.0 = Release|Any CPU
		{EDBFA92F-513D-425B-B8F8-6D27FD3B3007}.Ad-Hoc|x64.Deploy.0 = Release|Any CPU
		{EDBFA92F-513D-425B-B8F8-6D27FD3B3007}.Ad-Hoc|x86.ActiveCfg = Release|Any CPU
		{EDBFA92F-513D-425B-B8F8-6D27FD3B3007}.Ad-Hoc|x86.Build.0 = Release|Any CPU
		{EDBFA92F-513D-425B-B8F8-6D27FD3B3007}.Ad-Hoc|x86.Deploy.0 = Release|Any CPU
		{EDBFA92F-513D-425B-B8F8-6D27FD3B3007}.AppStore|Any CPU.ActiveCfg = Release|Any CPU
		{EDBFA92F-513D-425B-B8F8-6D27FD3B3007}.AppStore|Any CPU.Build.0 = Release|Any CPU
		{EDBFA92F-513D-425B-B8F8-6D27FD3B3007}.AppStore|Any CPU.Deploy.0 = Release|Any CPU
		{EDBFA92F-513D-425B-B8F8-6D27FD3B3007}.AppStore|ARM.ActiveCfg = Release|Any CPU
		{EDBFA92F-513D-425B-B8F8-6D27FD3B3007}.AppStore|ARM.Build.0 = Release|Any CPU
		{EDBFA92F-513D-425B-B8F8-6D27FD3B3007}.AppStore|ARM.Deploy.0 = Release|Any CPU
		{EDBFA92F-513D-425B-B8F8-6D27FD3B3007}.AppStore|iPhone.ActiveCfg = Release|Any CPU
		{EDBFA92F-513D-425B-B8F8-6D27FD3B3007}.AppStore|iPhone.Build.0 = Release|Any CPU
		{EDBFA92F-513D-425B-B8F8-6D27FD3B3007}.AppStore|iPhone.Deploy.0 = Release|Any CPU
		{EDBFA92F-513D-425B-B8F8-6D27FD3B3007}.AppStore|iPhoneSimulator.ActiveCfg = Release|Any CPU
		{EDBFA92F-513D-425B-B8F8-6D27FD3B3007}.AppStore|iPhoneSimulator.Build.0 = Release|Any CPU
		{EDBFA92F-513D-425B-B8F8-6D27FD3B3007}.AppStore|iPhoneSimulator.Deploy.0 = Release|Any CPU
		{EDBFA92F-513D-425B-B8F8-6D27FD3B3007}.AppStore|x64.ActiveCfg = Release|Any CPU
		{EDBFA92F-513D-425B-B8F8-6D27FD3B3007}.AppStore|x64.Build.0 = Release|Any CPU
		{EDBFA92F-513D-425B-B8F8-6D27FD3B3007}.AppStore|x64.Deploy.0 = Release|Any CPU
		{EDBFA92F-513D-425B-B8F8-6D27FD3B3007}.AppStore|x86.ActiveCfg = Release|Any CPU
		{EDBFA92F-513D-425B-B8F8-6D27FD3B3007}.AppStore|x86.Build.0 = Release|Any CPU
		{EDBFA92F-513D-425B-B8F8-6D27FD3B3007}.AppStore|x86.Deploy.0 = Release|Any CPU
		{EDBFA92F-513D-425B-B8F8-6D27FD3B3007}.Debug|Any CPU.ActiveCfg = Debug|Any CPU
		{EDBFA92F-513D-425B-B8F8-6D27FD3B3007}.Debug|Any CPU.Build.0 = Debug|Any CPU
		{EDBFA92F-513D-425B-B8F8-6D27FD3B3007}.Debug|Any CPU.Deploy.0 = Debug|Any CPU
		{EDBFA92F-513D-425B-B8F8-6D27FD3B3007}.Debug|ARM.ActiveCfg = Debug|Any CPU
		{EDBFA92F-513D-425B-B8F8-6D27FD3B3007}.Debug|ARM.Build.0 = Debug|Any CPU
		{EDBFA92F-513D-425B-B8F8-6D27FD3B3007}.Debug|ARM.Deploy.0 = Debug|Any CPU
		{EDBFA92F-513D-425B-B8F8-6D27FD3B3007}.Debug|iPhone.ActiveCfg = Debug|Any CPU
		{EDBFA92F-513D-425B-B8F8-6D27FD3B3007}.Debug|iPhone.Build.0 = Debug|Any CPU
		{EDBFA92F-513D-425B-B8F8-6D27FD3B3007}.Debug|iPhone.Deploy.0 = Debug|Any CPU
		{EDBFA92F-513D-425B-B8F8-6D27FD3B3007}.Debug|iPhoneSimulator.ActiveCfg = Debug|Any CPU
		{EDBFA92F-513D-425B-B8F8-6D27FD3B3007}.Debug|iPhoneSimulator.Build.0 = Debug|Any CPU
		{EDBFA92F-513D-425B-B8F8-6D27FD3B3007}.Debug|iPhoneSimulator.Deploy.0 = Debug|Any CPU
		{EDBFA92F-513D-425B-B8F8-6D27FD3B3007}.Debug|x64.ActiveCfg = Debug|Any CPU
		{EDBFA92F-513D-425B-B8F8-6D27FD3B3007}.Debug|x64.Build.0 = Debug|Any CPU
		{EDBFA92F-513D-425B-B8F8-6D27FD3B3007}.Debug|x64.Deploy.0 = Debug|Any CPU
		{EDBFA92F-513D-425B-B8F8-6D27FD3B3007}.Debug|x86.ActiveCfg = Debug|Any CPU
		{EDBFA92F-513D-425B-B8F8-6D27FD3B3007}.Debug|x86.Build.0 = Debug|Any CPU
		{EDBFA92F-513D-425B-B8F8-6D27FD3B3007}.Debug|x86.Deploy.0 = Debug|Any CPU
		{EDBFA92F-513D-425B-B8F8-6D27FD3B3007}.Release|Any CPU.ActiveCfg = Release|Any CPU
		{EDBFA92F-513D-425B-B8F8-6D27FD3B3007}.Release|Any CPU.Build.0 = Release|Any CPU
		{EDBFA92F-513D-425B-B8F8-6D27FD3B3007}.Release|Any CPU.Deploy.0 = Release|Any CPU
		{EDBFA92F-513D-425B-B8F8-6D27FD3B3007}.Release|ARM.ActiveCfg = Release|Any CPU
		{EDBFA92F-513D-425B-B8F8-6D27FD3B3007}.Release|ARM.Build.0 = Release|Any CPU
		{EDBFA92F-513D-425B-B8F8-6D27FD3B3007}.Release|ARM.Deploy.0 = Release|Any CPU
		{EDBFA92F-513D-425B-B8F8-6D27FD3B3007}.Release|iPhone.ActiveCfg = Release|Any CPU
		{EDBFA92F-513D-425B-B8F8-6D27FD3B3007}.Release|iPhone.Build.0 = Release|Any CPU
		{EDBFA92F-513D-425B-B8F8-6D27FD3B3007}.Release|iPhone.Deploy.0 = Release|Any CPU
		{EDBFA92F-513D-425B-B8F8-6D27FD3B3007}.Release|iPhoneSimulator.ActiveCfg = Release|Any CPU
		{EDBFA92F-513D-425B-B8F8-6D27FD3B3007}.Release|iPhoneSimulator.Build.0 = Release|Any CPU
		{EDBFA92F-513D-425B-B8F8-6D27FD3B3007}.Release|iPhoneSimulator.Deploy.0 = Release|Any CPU
		{EDBFA92F-513D-425B-B8F8-6D27FD3B3007}.Release|x64.ActiveCfg = Release|Any CPU
		{EDBFA92F-513D-425B-B8F8-6D27FD3B3007}.Release|x64.Build.0 = Release|Any CPU
		{EDBFA92F-513D-425B-B8F8-6D27FD3B3007}.Release|x64.Deploy.0 = Release|Any CPU
		{EDBFA92F-513D-425B-B8F8-6D27FD3B3007}.Release|x86.ActiveCfg = Release|Any CPU
		{EDBFA92F-513D-425B-B8F8-6D27FD3B3007}.Release|x86.Build.0 = Release|Any CPU
		{EDBFA92F-513D-425B-B8F8-6D27FD3B3007}.Release|x86.Deploy.0 = Release|Any CPU
		{18BF3092-F248-4D0A-ACF5-26BF1F22A753}.Ad-Hoc|Any CPU.ActiveCfg = Ad-Hoc|iPhone
		{18BF3092-F248-4D0A-ACF5-26BF1F22A753}.Ad-Hoc|Any CPU.Build.0 = Ad-Hoc|iPhone
		{18BF3092-F248-4D0A-ACF5-26BF1F22A753}.Ad-Hoc|Any CPU.Deploy.0 = Ad-Hoc|iPhone
		{18BF3092-F248-4D0A-ACF5-26BF1F22A753}.Ad-Hoc|ARM.ActiveCfg = Ad-Hoc|iPhone
		{18BF3092-F248-4D0A-ACF5-26BF1F22A753}.Ad-Hoc|ARM.Build.0 = Ad-Hoc|iPhone
		{18BF3092-F248-4D0A-ACF5-26BF1F22A753}.Ad-Hoc|ARM.Deploy.0 = Ad-Hoc|iPhone
		{18BF3092-F248-4D0A-ACF5-26BF1F22A753}.Ad-Hoc|iPhone.ActiveCfg = Ad-Hoc|iPhone
		{18BF3092-F248-4D0A-ACF5-26BF1F22A753}.Ad-Hoc|iPhone.Build.0 = Ad-Hoc|iPhone
		{18BF3092-F248-4D0A-ACF5-26BF1F22A753}.Ad-Hoc|iPhone.Deploy.0 = Ad-Hoc|iPhone
		{18BF3092-F248-4D0A-ACF5-26BF1F22A753}.Ad-Hoc|iPhoneSimulator.ActiveCfg = Ad-Hoc|iPhoneSimulator
		{18BF3092-F248-4D0A-ACF5-26BF1F22A753}.Ad-Hoc|iPhoneSimulator.Build.0 = Ad-Hoc|iPhoneSimulator
		{18BF3092-F248-4D0A-ACF5-26BF1F22A753}.Ad-Hoc|iPhoneSimulator.Deploy.0 = Ad-Hoc|iPhoneSimulator
		{18BF3092-F248-4D0A-ACF5-26BF1F22A753}.Ad-Hoc|x64.ActiveCfg = Ad-Hoc|iPhone
		{18BF3092-F248-4D0A-ACF5-26BF1F22A753}.Ad-Hoc|x64.Build.0 = Ad-Hoc|iPhone
		{18BF3092-F248-4D0A-ACF5-26BF1F22A753}.Ad-Hoc|x64.Deploy.0 = Ad-Hoc|iPhone
		{18BF3092-F248-4D0A-ACF5-26BF1F22A753}.Ad-Hoc|x86.ActiveCfg = Ad-Hoc|iPhone
		{18BF3092-F248-4D0A-ACF5-26BF1F22A753}.Ad-Hoc|x86.Build.0 = Ad-Hoc|iPhone
		{18BF3092-F248-4D0A-ACF5-26BF1F22A753}.Ad-Hoc|x86.Deploy.0 = Ad-Hoc|iPhone
		{18BF3092-F248-4D0A-ACF5-26BF1F22A753}.AppStore|Any CPU.ActiveCfg = AppStore|iPhone
		{18BF3092-F248-4D0A-ACF5-26BF1F22A753}.AppStore|Any CPU.Build.0 = AppStore|iPhone
		{18BF3092-F248-4D0A-ACF5-26BF1F22A753}.AppStore|Any CPU.Deploy.0 = AppStore|iPhone
		{18BF3092-F248-4D0A-ACF5-26BF1F22A753}.AppStore|ARM.ActiveCfg = AppStore|iPhone
		{18BF3092-F248-4D0A-ACF5-26BF1F22A753}.AppStore|ARM.Build.0 = AppStore|iPhone
		{18BF3092-F248-4D0A-ACF5-26BF1F22A753}.AppStore|ARM.Deploy.0 = AppStore|iPhone
		{18BF3092-F248-4D0A-ACF5-26BF1F22A753}.AppStore|iPhone.ActiveCfg = AppStore|iPhone
		{18BF3092-F248-4D0A-ACF5-26BF1F22A753}.AppStore|iPhone.Build.0 = AppStore|iPhone
		{18BF3092-F248-4D0A-ACF5-26BF1F22A753}.AppStore|iPhone.Deploy.0 = AppStore|iPhone
		{18BF3092-F248-4D0A-ACF5-26BF1F22A753}.AppStore|iPhoneSimulator.ActiveCfg = AppStore|iPhoneSimulator
		{18BF3092-F248-4D0A-ACF5-26BF1F22A753}.AppStore|iPhoneSimulator.Build.0 = AppStore|iPhoneSimulator
		{18BF3092-F248-4D0A-ACF5-26BF1F22A753}.AppStore|iPhoneSimulator.Deploy.0 = AppStore|iPhoneSimulator
		{18BF3092-F248-4D0A-ACF5-26BF1F22A753}.AppStore|x64.ActiveCfg = AppStore|iPhone
		{18BF3092-F248-4D0A-ACF5-26BF1F22A753}.AppStore|x64.Build.0 = AppStore|iPhone
		{18BF3092-F248-4D0A-ACF5-26BF1F22A753}.AppStore|x64.Deploy.0 = AppStore|iPhone
		{18BF3092-F248-4D0A-ACF5-26BF1F22A753}.AppStore|x86.ActiveCfg = AppStore|iPhone
		{18BF3092-F248-4D0A-ACF5-26BF1F22A753}.AppStore|x86.Build.0 = AppStore|iPhone
		{18BF3092-F248-4D0A-ACF5-26BF1F22A753}.AppStore|x86.Deploy.0 = AppStore|iPhone
		{18BF3092-F248-4D0A-ACF5-26BF1F22A753}.Debug|Any CPU.ActiveCfg = Debug|iPhoneSimulator
		{18BF3092-F248-4D0A-ACF5-26BF1F22A753}.Debug|Any CPU.Build.0 = Debug|iPhoneSimulator
		{18BF3092-F248-4D0A-ACF5-26BF1F22A753}.Debug|Any CPU.Deploy.0 = Debug|iPhoneSimulator
		{18BF3092-F248-4D0A-ACF5-26BF1F22A753}.Debug|ARM.ActiveCfg = Debug|iPhone
		{18BF3092-F248-4D0A-ACF5-26BF1F22A753}.Debug|ARM.Build.0 = Debug|iPhone
		{18BF3092-F248-4D0A-ACF5-26BF1F22A753}.Debug|ARM.Deploy.0 = Debug|iPhone
		{18BF3092-F248-4D0A-ACF5-26BF1F22A753}.Debug|iPhone.ActiveCfg = Debug|iPhone
		{18BF3092-F248-4D0A-ACF5-26BF1F22A753}.Debug|iPhone.Build.0 = Debug|iPhone
		{18BF3092-F248-4D0A-ACF5-26BF1F22A753}.Debug|iPhone.Deploy.0 = Debug|iPhone
		{18BF3092-F248-4D0A-ACF5-26BF1F22A753}.Debug|iPhoneSimulator.ActiveCfg = Debug|iPhoneSimulator
		{18BF3092-F248-4D0A-ACF5-26BF1F22A753}.Debug|iPhoneSimulator.Build.0 = Debug|iPhoneSimulator
		{18BF3092-F248-4D0A-ACF5-26BF1F22A753}.Debug|iPhoneSimulator.Deploy.0 = Debug|iPhoneSimulator
		{18BF3092-F248-4D0A-ACF5-26BF1F22A753}.Debug|x64.ActiveCfg = Debug|iPhone
		{18BF3092-F248-4D0A-ACF5-26BF1F22A753}.Debug|x64.Build.0 = Debug|iPhone
		{18BF3092-F248-4D0A-ACF5-26BF1F22A753}.Debug|x64.Deploy.0 = Debug|iPhone
		{18BF3092-F248-4D0A-ACF5-26BF1F22A753}.Debug|x86.ActiveCfg = Debug|iPhone
		{18BF3092-F248-4D0A-ACF5-26BF1F22A753}.Debug|x86.Build.0 = Debug|iPhone
		{18BF3092-F248-4D0A-ACF5-26BF1F22A753}.Debug|x86.Deploy.0 = Debug|iPhone
		{18BF3092-F248-4D0A-ACF5-26BF1F22A753}.Release|Any CPU.ActiveCfg = Release|iPhone
		{18BF3092-F248-4D0A-ACF5-26BF1F22A753}.Release|Any CPU.Build.0 = Release|iPhone
		{18BF3092-F248-4D0A-ACF5-26BF1F22A753}.Release|Any CPU.Deploy.0 = Release|iPhone
		{18BF3092-F248-4D0A-ACF5-26BF1F22A753}.Release|ARM.ActiveCfg = Release|iPhone
		{18BF3092-F248-4D0A-ACF5-26BF1F22A753}.Release|ARM.Build.0 = Release|iPhone
		{18BF3092-F248-4D0A-ACF5-26BF1F22A753}.Release|ARM.Deploy.0 = Release|iPhone
		{18BF3092-F248-4D0A-ACF5-26BF1F22A753}.Release|iPhone.ActiveCfg = Release|iPhone
		{18BF3092-F248-4D0A-ACF5-26BF1F22A753}.Release|iPhone.Build.0 = Release|iPhone
		{18BF3092-F248-4D0A-ACF5-26BF1F22A753}.Release|iPhone.Deploy.0 = Release|iPhone
		{18BF3092-F248-4D0A-ACF5-26BF1F22A753}.Release|iPhoneSimulator.ActiveCfg = Release|iPhoneSimulator
		{18BF3092-F248-4D0A-ACF5-26BF1F22A753}.Release|iPhoneSimulator.Build.0 = Release|iPhoneSimulator
		{18BF3092-F248-4D0A-ACF5-26BF1F22A753}.Release|iPhoneSimulator.Deploy.0 = Release|iPhoneSimulator
		{18BF3092-F248-4D0A-ACF5-26BF1F22A753}.Release|x64.ActiveCfg = Release|iPhone
		{18BF3092-F248-4D0A-ACF5-26BF1F22A753}.Release|x64.Build.0 = Release|iPhone
		{18BF3092-F248-4D0A-ACF5-26BF1F22A753}.Release|x64.Deploy.0 = Release|iPhone
		{18BF3092-F248-4D0A-ACF5-26BF1F22A753}.Release|x86.ActiveCfg = Release|iPhone
		{18BF3092-F248-4D0A-ACF5-26BF1F22A753}.Release|x86.Build.0 = Release|iPhone
		{18BF3092-F248-4D0A-ACF5-26BF1F22A753}.Release|x86.Deploy.0 = Release|iPhone
		{082D0C37-99EC-4E54-AE03-453FE6B2FF25}.Ad-Hoc|Any CPU.ActiveCfg = Release|x86
		{082D0C37-99EC-4E54-AE03-453FE6B2FF25}.Ad-Hoc|Any CPU.Build.0 = Release|x86
		{082D0C37-99EC-4E54-AE03-453FE6B2FF25}.Ad-Hoc|Any CPU.Deploy.0 = Release|x86
		{082D0C37-99EC-4E54-AE03-453FE6B2FF25}.Ad-Hoc|ARM.ActiveCfg = Release|ARM
		{082D0C37-99EC-4E54-AE03-453FE6B2FF25}.Ad-Hoc|ARM.Build.0 = Release|ARM
		{082D0C37-99EC-4E54-AE03-453FE6B2FF25}.Ad-Hoc|ARM.Deploy.0 = Release|ARM
		{082D0C37-99EC-4E54-AE03-453FE6B2FF25}.Ad-Hoc|iPhone.ActiveCfg = Release|x86
		{082D0C37-99EC-4E54-AE03-453FE6B2FF25}.Ad-Hoc|iPhone.Build.0 = Release|x86
		{082D0C37-99EC-4E54-AE03-453FE6B2FF25}.Ad-Hoc|iPhone.Deploy.0 = Release|x86
		{082D0C37-99EC-4E54-AE03-453FE6B2FF25}.Ad-Hoc|iPhoneSimulator.ActiveCfg = Release|x86
		{082D0C37-99EC-4E54-AE03-453FE6B2FF25}.Ad-Hoc|iPhoneSimulator.Build.0 = Release|x86
		{082D0C37-99EC-4E54-AE03-453FE6B2FF25}.Ad-Hoc|iPhoneSimulator.Deploy.0 = Release|x86
		{082D0C37-99EC-4E54-AE03-453FE6B2FF25}.Ad-Hoc|x64.ActiveCfg = Release|x64
		{082D0C37-99EC-4E54-AE03-453FE6B2FF25}.Ad-Hoc|x64.Build.0 = Release|x64
		{082D0C37-99EC-4E54-AE03-453FE6B2FF25}.Ad-Hoc|x64.Deploy.0 = Release|x64
		{082D0C37-99EC-4E54-AE03-453FE6B2FF25}.Ad-Hoc|x86.ActiveCfg = Release|x86
		{082D0C37-99EC-4E54-AE03-453FE6B2FF25}.Ad-Hoc|x86.Build.0 = Release|x86
		{082D0C37-99EC-4E54-AE03-453FE6B2FF25}.Ad-Hoc|x86.Deploy.0 = Release|x86
		{082D0C37-99EC-4E54-AE03-453FE6B2FF25}.AppStore|Any CPU.ActiveCfg = Release|x86
		{082D0C37-99EC-4E54-AE03-453FE6B2FF25}.AppStore|Any CPU.Build.0 = Release|x86
		{082D0C37-99EC-4E54-AE03-453FE6B2FF25}.AppStore|Any CPU.Deploy.0 = Release|x86
		{082D0C37-99EC-4E54-AE03-453FE6B2FF25}.AppStore|ARM.ActiveCfg = Release|ARM
		{082D0C37-99EC-4E54-AE03-453FE6B2FF25}.AppStore|ARM.Build.0 = Release|ARM
		{082D0C37-99EC-4E54-AE03-453FE6B2FF25}.AppStore|ARM.Deploy.0 = Release|ARM
		{082D0C37-99EC-4E54-AE03-453FE6B2FF25}.AppStore|iPhone.ActiveCfg = Release|x86
		{082D0C37-99EC-4E54-AE03-453FE6B2FF25}.AppStore|iPhone.Build.0 = Release|x86
		{082D0C37-99EC-4E54-AE03-453FE6B2FF25}.AppStore|iPhone.Deploy.0 = Release|x86
		{082D0C37-99EC-4E54-AE03-453FE6B2FF25}.AppStore|iPhoneSimulator.ActiveCfg = Release|x86
		{082D0C37-99EC-4E54-AE03-453FE6B2FF25}.AppStore|iPhoneSimulator.Build.0 = Release|x86
		{082D0C37-99EC-4E54-AE03-453FE6B2FF25}.AppStore|iPhoneSimulator.Deploy.0 = Release|x86
		{082D0C37-99EC-4E54-AE03-453FE6B2FF25}.AppStore|x64.ActiveCfg = Release|x64
		{082D0C37-99EC-4E54-AE03-453FE6B2FF25}.AppStore|x64.Build.0 = Release|x64
		{082D0C37-99EC-4E54-AE03-453FE6B2FF25}.AppStore|x64.Deploy.0 = Release|x64
		{082D0C37-99EC-4E54-AE03-453FE6B2FF25}.AppStore|x86.ActiveCfg = Release|x86
		{082D0C37-99EC-4E54-AE03-453FE6B2FF25}.AppStore|x86.Build.0 = Release|x86
		{082D0C37-99EC-4E54-AE03-453FE6B2FF25}.AppStore|x86.Deploy.0 = Release|x86
		{082D0C37-99EC-4E54-AE03-453FE6B2FF25}.Debug|Any CPU.ActiveCfg = Debug|x86
		{082D0C37-99EC-4E54-AE03-453FE6B2FF25}.Debug|Any CPU.Build.0 = Debug|x86
		{082D0C37-99EC-4E54-AE03-453FE6B2FF25}.Debug|Any CPU.Deploy.0 = Debug|x86
		{082D0C37-99EC-4E54-AE03-453FE6B2FF25}.Debug|ARM.ActiveCfg = Debug|ARM
		{082D0C37-99EC-4E54-AE03-453FE6B2FF25}.Debug|ARM.Build.0 = Debug|ARM
		{082D0C37-99EC-4E54-AE03-453FE6B2FF25}.Debug|ARM.Deploy.0 = Debug|ARM
		{082D0C37-99EC-4E54-AE03-453FE6B2FF25}.Debug|iPhone.ActiveCfg = Debug|x86
		{082D0C37-99EC-4E54-AE03-453FE6B2FF25}.Debug|iPhone.Build.0 = Debug|x86
		{082D0C37-99EC-4E54-AE03-453FE6B2FF25}.Debug|iPhone.Deploy.0 = Debug|x86
		{082D0C37-99EC-4E54-AE03-453FE6B2FF25}.Debug|iPhoneSimulator.ActiveCfg = Debug|x86
		{082D0C37-99EC-4E54-AE03-453FE6B2FF25}.Debug|iPhoneSimulator.Build.0 = Debug|x86
		{082D0C37-99EC-4E54-AE03-453FE6B2FF25}.Debug|iPhoneSimulator.Deploy.0 = Debug|x86
		{082D0C37-99EC-4E54-AE03-453FE6B2FF25}.Debug|x64.ActiveCfg = Debug|x64
		{082D0C37-99EC-4E54-AE03-453FE6B2FF25}.Debug|x64.Build.0 = Debug|x64
		{082D0C37-99EC-4E54-AE03-453FE6B2FF25}.Debug|x64.Deploy.0 = Debug|x64
		{082D0C37-99EC-4E54-AE03-453FE6B2FF25}.Debug|x86.ActiveCfg = Debug|x86
		{082D0C37-99EC-4E54-AE03-453FE6B2FF25}.Debug|x86.Build.0 = Debug|x86
		{082D0C37-99EC-4E54-AE03-453FE6B2FF25}.Debug|x86.Deploy.0 = Debug|x86
		{082D0C37-99EC-4E54-AE03-453FE6B2FF25}.Release|Any CPU.ActiveCfg = Release|x86
		{082D0C37-99EC-4E54-AE03-453FE6B2FF25}.Release|Any CPU.Build.0 = Release|x86
		{082D0C37-99EC-4E54-AE03-453FE6B2FF25}.Release|Any CPU.Deploy.0 = Release|x86
		{082D0C37-99EC-4E54-AE03-453FE6B2FF25}.Release|ARM.ActiveCfg = Release|ARM
		{082D0C37-99EC-4E54-AE03-453FE6B2FF25}.Release|ARM.Build.0 = Release|ARM
		{082D0C37-99EC-4E54-AE03-453FE6B2FF25}.Release|ARM.Deploy.0 = Release|ARM
		{082D0C37-99EC-4E54-AE03-453FE6B2FF25}.Release|iPhone.ActiveCfg = Release|x86
		{082D0C37-99EC-4E54-AE03-453FE6B2FF25}.Release|iPhone.Build.0 = Release|x86
		{082D0C37-99EC-4E54-AE03-453FE6B2FF25}.Release|iPhone.Deploy.0 = Release|x86
		{082D0C37-99EC-4E54-AE03-453FE6B2FF25}.Release|iPhoneSimulator.ActiveCfg = Release|x86
		{082D0C37-99EC-4E54-AE03-453FE6B2FF25}.Release|iPhoneSimulator.Build.0 = Release|x86
		{082D0C37-99EC-4E54-AE03-453FE6B2FF25}.Release|iPhoneSimulator.Deploy.0 = Release|x86
		{082D0C37-99EC-4E54-AE03-453FE6B2FF25}.Release|x64.ActiveCfg = Release|x64
		{082D0C37-99EC-4E54-AE03-453FE6B2FF25}.Release|x64.Build.0 = Release|x64
		{082D0C37-99EC-4E54-AE03-453FE6B2FF25}.Release|x64.Deploy.0 = Release|x64
		{082D0C37-99EC-4E54-AE03-453FE6B2FF25}.Release|x86.ActiveCfg = Release|x86
		{082D0C37-99EC-4E54-AE03-453FE6B2FF25}.Release|x86.Build.0 = Release|x86
		{082D0C37-99EC-4E54-AE03-453FE6B2FF25}.Release|x86.Deploy.0 = Release|x86
		{840EDB0D-90DB-4EBF-95BC-EEF2CF54E20B}.Ad-Hoc|Any CPU.ActiveCfg = Debug|Any CPU
		{840EDB0D-90DB-4EBF-95BC-EEF2CF54E20B}.Ad-Hoc|Any CPU.Build.0 = Debug|Any CPU
		{840EDB0D-90DB-4EBF-95BC-EEF2CF54E20B}.Ad-Hoc|Any CPU.Deploy.0 = Debug|Any CPU
		{840EDB0D-90DB-4EBF-95BC-EEF2CF54E20B}.Ad-Hoc|ARM.ActiveCfg = Debug|Any CPU
		{840EDB0D-90DB-4EBF-95BC-EEF2CF54E20B}.Ad-Hoc|ARM.Build.0 = Debug|Any CPU
		{840EDB0D-90DB-4EBF-95BC-EEF2CF54E20B}.Ad-Hoc|ARM.Deploy.0 = Debug|Any CPU
		{840EDB0D-90DB-4EBF-95BC-EEF2CF54E20B}.Ad-Hoc|iPhone.ActiveCfg = Debug|Any CPU
		{840EDB0D-90DB-4EBF-95BC-EEF2CF54E20B}.Ad-Hoc|iPhone.Build.0 = Debug|Any CPU
		{840EDB0D-90DB-4EBF-95BC-EEF2CF54E20B}.Ad-Hoc|iPhone.Deploy.0 = Debug|Any CPU
		{840EDB0D-90DB-4EBF-95BC-EEF2CF54E20B}.Ad-Hoc|iPhoneSimulator.ActiveCfg = Debug|Any CPU
		{840EDB0D-90DB-4EBF-95BC-EEF2CF54E20B}.Ad-Hoc|iPhoneSimulator.Build.0 = Debug|Any CPU
		{840EDB0D-90DB-4EBF-95BC-EEF2CF54E20B}.Ad-Hoc|iPhoneSimulator.Deploy.0 = Debug|Any CPU
		{840EDB0D-90DB-4EBF-95BC-EEF2CF54E20B}.Ad-Hoc|x64.ActiveCfg = Debug|Any CPU
		{840EDB0D-90DB-4EBF-95BC-EEF2CF54E20B}.Ad-Hoc|x64.Build.0 = Debug|Any CPU
		{840EDB0D-90DB-4EBF-95BC-EEF2CF54E20B}.Ad-Hoc|x64.Deploy.0 = Debug|Any CPU
		{840EDB0D-90DB-4EBF-95BC-EEF2CF54E20B}.Ad-Hoc|x86.ActiveCfg = Debug|Any CPU
		{840EDB0D-90DB-4EBF-95BC-EEF2CF54E20B}.Ad-Hoc|x86.Build.0 = Debug|Any CPU
		{840EDB0D-90DB-4EBF-95BC-EEF2CF54E20B}.Ad-Hoc|x86.Deploy.0 = Debug|Any CPU
		{840EDB0D-90DB-4EBF-95BC-EEF2CF54E20B}.AppStore|Any CPU.ActiveCfg = Debug|Any CPU
		{840EDB0D-90DB-4EBF-95BC-EEF2CF54E20B}.AppStore|Any CPU.Build.0 = Debug|Any CPU
		{840EDB0D-90DB-4EBF-95BC-EEF2CF54E20B}.AppStore|Any CPU.Deploy.0 = Debug|Any CPU
		{840EDB0D-90DB-4EBF-95BC-EEF2CF54E20B}.AppStore|ARM.ActiveCfg = Debug|Any CPU
		{840EDB0D-90DB-4EBF-95BC-EEF2CF54E20B}.AppStore|ARM.Build.0 = Debug|Any CPU
		{840EDB0D-90DB-4EBF-95BC-EEF2CF54E20B}.AppStore|ARM.Deploy.0 = Debug|Any CPU
		{840EDB0D-90DB-4EBF-95BC-EEF2CF54E20B}.AppStore|iPhone.ActiveCfg = Debug|Any CPU
		{840EDB0D-90DB-4EBF-95BC-EEF2CF54E20B}.AppStore|iPhone.Build.0 = Debug|Any CPU
		{840EDB0D-90DB-4EBF-95BC-EEF2CF54E20B}.AppStore|iPhone.Deploy.0 = Debug|Any CPU
		{840EDB0D-90DB-4EBF-95BC-EEF2CF54E20B}.AppStore|iPhoneSimulator.ActiveCfg = Debug|Any CPU
		{840EDB0D-90DB-4EBF-95BC-EEF2CF54E20B}.AppStore|iPhoneSimulator.Build.0 = Debug|Any CPU
		{840EDB0D-90DB-4EBF-95BC-EEF2CF54E20B}.AppStore|iPhoneSimulator.Deploy.0 = Debug|Any CPU
		{840EDB0D-90DB-4EBF-95BC-EEF2CF54E20B}.AppStore|x64.ActiveCfg = Debug|Any CPU
		{840EDB0D-90DB-4EBF-95BC-EEF2CF54E20B}.AppStore|x64.Build.0 = Debug|Any CPU
		{840EDB0D-90DB-4EBF-95BC-EEF2CF54E20B}.AppStore|x64.Deploy.0 = Debug|Any CPU
		{840EDB0D-90DB-4EBF-95BC-EEF2CF54E20B}.AppStore|x86.ActiveCfg = Debug|Any CPU
		{840EDB0D-90DB-4EBF-95BC-EEF2CF54E20B}.AppStore|x86.Build.0 = Debug|Any CPU
		{840EDB0D-90DB-4EBF-95BC-EEF2CF54E20B}.AppStore|x86.Deploy.0 = Debug|Any CPU
		{840EDB0D-90DB-4EBF-95BC-EEF2CF54E20B}.Debug|Any CPU.ActiveCfg = Debug|Any CPU
		{840EDB0D-90DB-4EBF-95BC-EEF2CF54E20B}.Debug|Any CPU.Build.0 = Debug|Any CPU
		{840EDB0D-90DB-4EBF-95BC-EEF2CF54E20B}.Debug|Any CPU.Deploy.0 = Debug|Any CPU
		{840EDB0D-90DB-4EBF-95BC-EEF2CF54E20B}.Debug|ARM.ActiveCfg = Debug|Any CPU
		{840EDB0D-90DB-4EBF-95BC-EEF2CF54E20B}.Debug|ARM.Build.0 = Debug|Any CPU
		{840EDB0D-90DB-4EBF-95BC-EEF2CF54E20B}.Debug|ARM.Deploy.0 = Debug|Any CPU
		{840EDB0D-90DB-4EBF-95BC-EEF2CF54E20B}.Debug|iPhone.ActiveCfg = Debug|Any CPU
		{840EDB0D-90DB-4EBF-95BC-EEF2CF54E20B}.Debug|iPhone.Build.0 = Debug|Any CPU
		{840EDB0D-90DB-4EBF-95BC-EEF2CF54E20B}.Debug|iPhone.Deploy.0 = Debug|Any CPU
		{840EDB0D-90DB-4EBF-95BC-EEF2CF54E20B}.Debug|iPhoneSimulator.ActiveCfg = Debug|Any CPU
		{840EDB0D-90DB-4EBF-95BC-EEF2CF54E20B}.Debug|iPhoneSimulator.Build.0 = Debug|Any CPU
		{840EDB0D-90DB-4EBF-95BC-EEF2CF54E20B}.Debug|iPhoneSimulator.Deploy.0 = Debug|Any CPU
		{840EDB0D-90DB-4EBF-95BC-EEF2CF54E20B}.Debug|x64.ActiveCfg = Debug|Any CPU
		{840EDB0D-90DB-4EBF-95BC-EEF2CF54E20B}.Debug|x64.Build.0 = Debug|Any CPU
		{840EDB0D-90DB-4EBF-95BC-EEF2CF54E20B}.Debug|x64.Deploy.0 = Debug|Any CPU
		{840EDB0D-90DB-4EBF-95BC-EEF2CF54E20B}.Debug|x86.ActiveCfg = Debug|Any CPU
		{840EDB0D-90DB-4EBF-95BC-EEF2CF54E20B}.Debug|x86.Build.0 = Debug|Any CPU
		{840EDB0D-90DB-4EBF-95BC-EEF2CF54E20B}.Debug|x86.Deploy.0 = Debug|Any CPU
		{840EDB0D-90DB-4EBF-95BC-EEF2CF54E20B}.Release|Any CPU.ActiveCfg = Release|Any CPU
		{840EDB0D-90DB-4EBF-95BC-EEF2CF54E20B}.Release|Any CPU.Build.0 = Release|Any CPU
		{840EDB0D-90DB-4EBF-95BC-EEF2CF54E20B}.Release|Any CPU.Deploy.0 = Release|Any CPU
		{840EDB0D-90DB-4EBF-95BC-EEF2CF54E20B}.Release|ARM.ActiveCfg = Release|Any CPU
		{840EDB0D-90DB-4EBF-95BC-EEF2CF54E20B}.Release|ARM.Build.0 = Release|Any CPU
		{840EDB0D-90DB-4EBF-95BC-EEF2CF54E20B}.Release|ARM.Deploy.0 = Release|Any CPU
		{840EDB0D-90DB-4EBF-95BC-EEF2CF54E20B}.Release|iPhone.ActiveCfg = Release|Any CPU
		{840EDB0D-90DB-4EBF-95BC-EEF2CF54E20B}.Release|iPhone.Build.0 = Release|Any CPU
		{840EDB0D-90DB-4EBF-95BC-EEF2CF54E20B}.Release|iPhone.Deploy.0 = Release|Any CPU
		{840EDB0D-90DB-4EBF-95BC-EEF2CF54E20B}.Release|iPhoneSimulator.ActiveCfg = Release|Any CPU
		{840EDB0D-90DB-4EBF-95BC-EEF2CF54E20B}.Release|iPhoneSimulator.Build.0 = Release|Any CPU
		{840EDB0D-90DB-4EBF-95BC-EEF2CF54E20B}.Release|iPhoneSimulator.Deploy.0 = Release|Any CPU
		{840EDB0D-90DB-4EBF-95BC-EEF2CF54E20B}.Release|x64.ActiveCfg = Release|Any CPU
		{840EDB0D-90DB-4EBF-95BC-EEF2CF54E20B}.Release|x64.Build.0 = Release|Any CPU
		{840EDB0D-90DB-4EBF-95BC-EEF2CF54E20B}.Release|x64.Deploy.0 = Release|Any CPU
		{840EDB0D-90DB-4EBF-95BC-EEF2CF54E20B}.Release|x86.ActiveCfg = Release|Any CPU
		{840EDB0D-90DB-4EBF-95BC-EEF2CF54E20B}.Release|x86.Build.0 = Release|Any CPU
		{840EDB0D-90DB-4EBF-95BC-EEF2CF54E20B}.Release|x86.Deploy.0 = Release|Any CPU
		{AABF5FC2-4D4D-46A2-B7BE-7E7E50ABC852}.Ad-Hoc|Any CPU.ActiveCfg = Debug|Any CPU
		{AABF5FC2-4D4D-46A2-B7BE-7E7E50ABC852}.Ad-Hoc|Any CPU.Build.0 = Debug|Any CPU
		{AABF5FC2-4D4D-46A2-B7BE-7E7E50ABC852}.Ad-Hoc|ARM.ActiveCfg = Debug|Any CPU
		{AABF5FC2-4D4D-46A2-B7BE-7E7E50ABC852}.Ad-Hoc|ARM.Build.0 = Debug|Any CPU
		{AABF5FC2-4D4D-46A2-B7BE-7E7E50ABC852}.Ad-Hoc|iPhone.ActiveCfg = Debug|Any CPU
		{AABF5FC2-4D4D-46A2-B7BE-7E7E50ABC852}.Ad-Hoc|iPhone.Build.0 = Debug|Any CPU
		{AABF5FC2-4D4D-46A2-B7BE-7E7E50ABC852}.Ad-Hoc|iPhoneSimulator.ActiveCfg = Debug|Any CPU
		{AABF5FC2-4D4D-46A2-B7BE-7E7E50ABC852}.Ad-Hoc|iPhoneSimulator.Build.0 = Debug|Any CPU
		{AABF5FC2-4D4D-46A2-B7BE-7E7E50ABC852}.Ad-Hoc|x64.ActiveCfg = Debug|Any CPU
		{AABF5FC2-4D4D-46A2-B7BE-7E7E50ABC852}.Ad-Hoc|x64.Build.0 = Debug|Any CPU
		{AABF5FC2-4D4D-46A2-B7BE-7E7E50ABC852}.Ad-Hoc|x86.ActiveCfg = Debug|Any CPU
		{AABF5FC2-4D4D-46A2-B7BE-7E7E50ABC852}.Ad-Hoc|x86.Build.0 = Debug|Any CPU
		{AABF5FC2-4D4D-46A2-B7BE-7E7E50ABC852}.AppStore|Any CPU.ActiveCfg = Debug|Any CPU
		{AABF5FC2-4D4D-46A2-B7BE-7E7E50ABC852}.AppStore|Any CPU.Build.0 = Debug|Any CPU
		{AABF5FC2-4D4D-46A2-B7BE-7E7E50ABC852}.AppStore|ARM.ActiveCfg = Debug|Any CPU
		{AABF5FC2-4D4D-46A2-B7BE-7E7E50ABC852}.AppStore|ARM.Build.0 = Debug|Any CPU
		{AABF5FC2-4D4D-46A2-B7BE-7E7E50ABC852}.AppStore|iPhone.ActiveCfg = Debug|Any CPU
		{AABF5FC2-4D4D-46A2-B7BE-7E7E50ABC852}.AppStore|iPhone.Build.0 = Debug|Any CPU
		{AABF5FC2-4D4D-46A2-B7BE-7E7E50ABC852}.AppStore|iPhoneSimulator.ActiveCfg = Debug|Any CPU
		{AABF5FC2-4D4D-46A2-B7BE-7E7E50ABC852}.AppStore|iPhoneSimulator.Build.0 = Debug|Any CPU
		{AABF5FC2-4D4D-46A2-B7BE-7E7E50ABC852}.AppStore|x64.ActiveCfg = Debug|Any CPU
		{AABF5FC2-4D4D-46A2-B7BE-7E7E50ABC852}.AppStore|x64.Build.0 = Debug|Any CPU
		{AABF5FC2-4D4D-46A2-B7BE-7E7E50ABC852}.AppStore|x86.ActiveCfg = Debug|Any CPU
		{AABF5FC2-4D4D-46A2-B7BE-7E7E50ABC852}.AppStore|x86.Build.0 = Debug|Any CPU
		{AABF5FC2-4D4D-46A2-B7BE-7E7E50ABC852}.Debug|Any CPU.ActiveCfg = Debug|Any CPU
		{AABF5FC2-4D4D-46A2-B7BE-7E7E50ABC852}.Debug|Any CPU.Build.0 = Debug|Any CPU
		{AABF5FC2-4D4D-46A2-B7BE-7E7E50ABC852}.Debug|ARM.ActiveCfg = Debug|Any CPU
		{AABF5FC2-4D4D-46A2-B7BE-7E7E50ABC852}.Debug|ARM.Build.0 = Debug|Any CPU
		{AABF5FC2-4D4D-46A2-B7BE-7E7E50ABC852}.Debug|iPhone.ActiveCfg = Debug|Any CPU
		{AABF5FC2-4D4D-46A2-B7BE-7E7E50ABC852}.Debug|iPhone.Build.0 = Debug|Any CPU
		{AABF5FC2-4D4D-46A2-B7BE-7E7E50ABC852}.Debug|iPhoneSimulator.ActiveCfg = Debug|Any CPU
		{AABF5FC2-4D4D-46A2-B7BE-7E7E50ABC852}.Debug|iPhoneSimulator.Build.0 = Debug|Any CPU
		{AABF5FC2-4D4D-46A2-B7BE-7E7E50ABC852}.Debug|x64.ActiveCfg = Debug|Any CPU
		{AABF5FC2-4D4D-46A2-B7BE-7E7E50ABC852}.Debug|x64.Build.0 = Debug|Any CPU
		{AABF5FC2-4D4D-46A2-B7BE-7E7E50ABC852}.Debug|x86.ActiveCfg = Debug|Any CPU
		{AABF5FC2-4D4D-46A2-B7BE-7E7E50ABC852}.Debug|x86.Build.0 = Debug|Any CPU
		{AABF5FC2-4D4D-46A2-B7BE-7E7E50ABC852}.Release|Any CPU.ActiveCfg = Release|Any CPU
		{AABF5FC2-4D4D-46A2-B7BE-7E7E50ABC852}.Release|Any CPU.Build.0 = Release|Any CPU
		{AABF5FC2-4D4D-46A2-B7BE-7E7E50ABC852}.Release|ARM.ActiveCfg = Release|Any CPU
		{AABF5FC2-4D4D-46A2-B7BE-7E7E50ABC852}.Release|ARM.Build.0 = Release|Any CPU
		{AABF5FC2-4D4D-46A2-B7BE-7E7E50ABC852}.Release|iPhone.ActiveCfg = Release|Any CPU
		{AABF5FC2-4D4D-46A2-B7BE-7E7E50ABC852}.Release|iPhone.Build.0 = Release|Any CPU
		{AABF5FC2-4D4D-46A2-B7BE-7E7E50ABC852}.Release|iPhoneSimulator.ActiveCfg = Release|Any CPU
		{AABF5FC2-4D4D-46A2-B7BE-7E7E50ABC852}.Release|iPhoneSimulator.Build.0 = Release|Any CPU
		{AABF5FC2-4D4D-46A2-B7BE-7E7E50ABC852}.Release|x64.ActiveCfg = Release|Any CPU
		{AABF5FC2-4D4D-46A2-B7BE-7E7E50ABC852}.Release|x64.Build.0 = Release|Any CPU
		{AABF5FC2-4D4D-46A2-B7BE-7E7E50ABC852}.Release|x86.ActiveCfg = Release|Any CPU
		{AABF5FC2-4D4D-46A2-B7BE-7E7E50ABC852}.Release|x86.Build.0 = Release|Any CPU
		{47421D91-3DC2-4009-BEB1-8E50AD80F7EB}.Ad-Hoc|Any CPU.ActiveCfg = Debug|Any CPU
		{47421D91-3DC2-4009-BEB1-8E50AD80F7EB}.Ad-Hoc|Any CPU.Build.0 = Debug|Any CPU
		{47421D91-3DC2-4009-BEB1-8E50AD80F7EB}.Ad-Hoc|ARM.ActiveCfg = Debug|Any CPU
		{47421D91-3DC2-4009-BEB1-8E50AD80F7EB}.Ad-Hoc|ARM.Build.0 = Debug|Any CPU
		{47421D91-3DC2-4009-BEB1-8E50AD80F7EB}.Ad-Hoc|iPhone.ActiveCfg = Debug|Any CPU
		{47421D91-3DC2-4009-BEB1-8E50AD80F7EB}.Ad-Hoc|iPhone.Build.0 = Debug|Any CPU
		{47421D91-3DC2-4009-BEB1-8E50AD80F7EB}.Ad-Hoc|iPhoneSimulator.ActiveCfg = Debug|Any CPU
		{47421D91-3DC2-4009-BEB1-8E50AD80F7EB}.Ad-Hoc|iPhoneSimulator.Build.0 = Debug|Any CPU
		{47421D91-3DC2-4009-BEB1-8E50AD80F7EB}.Ad-Hoc|x64.ActiveCfg = Debug|Any CPU
		{47421D91-3DC2-4009-BEB1-8E50AD80F7EB}.Ad-Hoc|x64.Build.0 = Debug|Any CPU
		{47421D91-3DC2-4009-BEB1-8E50AD80F7EB}.Ad-Hoc|x86.ActiveCfg = Debug|Any CPU
		{47421D91-3DC2-4009-BEB1-8E50AD80F7EB}.Ad-Hoc|x86.Build.0 = Debug|Any CPU
		{47421D91-3DC2-4009-BEB1-8E50AD80F7EB}.AppStore|Any CPU.ActiveCfg = Debug|Any CPU
		{47421D91-3DC2-4009-BEB1-8E50AD80F7EB}.AppStore|Any CPU.Build.0 = Debug|Any CPU
		{47421D91-3DC2-4009-BEB1-8E50AD80F7EB}.AppStore|ARM.ActiveCfg = Debug|Any CPU
		{47421D91-3DC2-4009-BEB1-8E50AD80F7EB}.AppStore|ARM.Build.0 = Debug|Any CPU
		{47421D91-3DC2-4009-BEB1-8E50AD80F7EB}.AppStore|iPhone.ActiveCfg = Debug|Any CPU
		{47421D91-3DC2-4009-BEB1-8E50AD80F7EB}.AppStore|iPhone.Build.0 = Debug|Any CPU
		{47421D91-3DC2-4009-BEB1-8E50AD80F7EB}.AppStore|iPhoneSimulator.ActiveCfg = Debug|Any CPU
		{47421D91-3DC2-4009-BEB1-8E50AD80F7EB}.AppStore|iPhoneSimulator.Build.0 = Debug|Any CPU
		{47421D91-3DC2-4009-BEB1-8E50AD80F7EB}.AppStore|x64.ActiveCfg = Debug|Any CPU
		{47421D91-3DC2-4009-BEB1-8E50AD80F7EB}.AppStore|x64.Build.0 = Debug|Any CPU
		{47421D91-3DC2-4009-BEB1-8E50AD80F7EB}.AppStore|x86.ActiveCfg = Debug|Any CPU
		{47421D91-3DC2-4009-BEB1-8E50AD80F7EB}.AppStore|x86.Build.0 = Debug|Any CPU
		{47421D91-3DC2-4009-BEB1-8E50AD80F7EB}.Debug|Any CPU.ActiveCfg = Debug|Any CPU
		{47421D91-3DC2-4009-BEB1-8E50AD80F7EB}.Debug|Any CPU.Build.0 = Debug|Any CPU
		{47421D91-3DC2-4009-BEB1-8E50AD80F7EB}.Debug|ARM.ActiveCfg = Debug|Any CPU
		{47421D91-3DC2-4009-BEB1-8E50AD80F7EB}.Debug|ARM.Build.0 = Debug|Any CPU
		{47421D91-3DC2-4009-BEB1-8E50AD80F7EB}.Debug|iPhone.ActiveCfg = Debug|Any CPU
		{47421D91-3DC2-4009-BEB1-8E50AD80F7EB}.Debug|iPhone.Build.0 = Debug|Any CPU
		{47421D91-3DC2-4009-BEB1-8E50AD80F7EB}.Debug|iPhoneSimulator.ActiveCfg = Debug|Any CPU
		{47421D91-3DC2-4009-BEB1-8E50AD80F7EB}.Debug|iPhoneSimulator.Build.0 = Debug|Any CPU
		{47421D91-3DC2-4009-BEB1-8E50AD80F7EB}.Debug|x64.ActiveCfg = Debug|Any CPU
		{47421D91-3DC2-4009-BEB1-8E50AD80F7EB}.Debug|x64.Build.0 = Debug|Any CPU
		{47421D91-3DC2-4009-BEB1-8E50AD80F7EB}.Debug|x86.ActiveCfg = Debug|Any CPU
		{47421D91-3DC2-4009-BEB1-8E50AD80F7EB}.Debug|x86.Build.0 = Debug|Any CPU
		{47421D91-3DC2-4009-BEB1-8E50AD80F7EB}.Release|Any CPU.ActiveCfg = Release|Any CPU
		{47421D91-3DC2-4009-BEB1-8E50AD80F7EB}.Release|Any CPU.Build.0 = Release|Any CPU
		{47421D91-3DC2-4009-BEB1-8E50AD80F7EB}.Release|ARM.ActiveCfg = Release|Any CPU
		{47421D91-3DC2-4009-BEB1-8E50AD80F7EB}.Release|ARM.Build.0 = Release|Any CPU
		{47421D91-3DC2-4009-BEB1-8E50AD80F7EB}.Release|iPhone.ActiveCfg = Release|Any CPU
		{47421D91-3DC2-4009-BEB1-8E50AD80F7EB}.Release|iPhone.Build.0 = Release|Any CPU
		{47421D91-3DC2-4009-BEB1-8E50AD80F7EB}.Release|iPhoneSimulator.ActiveCfg = Release|Any CPU
		{47421D91-3DC2-4009-BEB1-8E50AD80F7EB}.Release|iPhoneSimulator.Build.0 = Release|Any CPU
		{47421D91-3DC2-4009-BEB1-8E50AD80F7EB}.Release|x64.ActiveCfg = Release|Any CPU
		{47421D91-3DC2-4009-BEB1-8E50AD80F7EB}.Release|x64.Build.0 = Release|Any CPU
		{47421D91-3DC2-4009-BEB1-8E50AD80F7EB}.Release|x86.ActiveCfg = Release|Any CPU
		{47421D91-3DC2-4009-BEB1-8E50AD80F7EB}.Release|x86.Build.0 = Release|Any CPU
		{BF1EF7B6-53B3-4BA0-A904-96A540C6549C}.Ad-Hoc|Any CPU.ActiveCfg = Debug|Any CPU
		{BF1EF7B6-53B3-4BA0-A904-96A540C6549C}.Ad-Hoc|Any CPU.Build.0 = Debug|Any CPU
		{BF1EF7B6-53B3-4BA0-A904-96A540C6549C}.Ad-Hoc|ARM.ActiveCfg = Debug|Any CPU
		{BF1EF7B6-53B3-4BA0-A904-96A540C6549C}.Ad-Hoc|ARM.Build.0 = Debug|Any CPU
		{BF1EF7B6-53B3-4BA0-A904-96A540C6549C}.Ad-Hoc|iPhone.ActiveCfg = Debug|Any CPU
		{BF1EF7B6-53B3-4BA0-A904-96A540C6549C}.Ad-Hoc|iPhone.Build.0 = Debug|Any CPU
		{BF1EF7B6-53B3-4BA0-A904-96A540C6549C}.Ad-Hoc|iPhoneSimulator.ActiveCfg = Debug|Any CPU
		{BF1EF7B6-53B3-4BA0-A904-96A540C6549C}.Ad-Hoc|iPhoneSimulator.Build.0 = Debug|Any CPU
		{BF1EF7B6-53B3-4BA0-A904-96A540C6549C}.Ad-Hoc|x64.ActiveCfg = Debug|Any CPU
		{BF1EF7B6-53B3-4BA0-A904-96A540C6549C}.Ad-Hoc|x64.Build.0 = Debug|Any CPU
		{BF1EF7B6-53B3-4BA0-A904-96A540C6549C}.Ad-Hoc|x86.ActiveCfg = Debug|Any CPU
		{BF1EF7B6-53B3-4BA0-A904-96A540C6549C}.Ad-Hoc|x86.Build.0 = Debug|Any CPU
		{BF1EF7B6-53B3-4BA0-A904-96A540C6549C}.AppStore|Any CPU.ActiveCfg = Debug|Any CPU
		{BF1EF7B6-53B3-4BA0-A904-96A540C6549C}.AppStore|Any CPU.Build.0 = Debug|Any CPU
		{BF1EF7B6-53B3-4BA0-A904-96A540C6549C}.AppStore|ARM.ActiveCfg = Debug|Any CPU
		{BF1EF7B6-53B3-4BA0-A904-96A540C6549C}.AppStore|ARM.Build.0 = Debug|Any CPU
		{BF1EF7B6-53B3-4BA0-A904-96A540C6549C}.AppStore|iPhone.ActiveCfg = Debug|Any CPU
		{BF1EF7B6-53B3-4BA0-A904-96A540C6549C}.AppStore|iPhone.Build.0 = Debug|Any CPU
		{BF1EF7B6-53B3-4BA0-A904-96A540C6549C}.AppStore|iPhoneSimulator.ActiveCfg = Debug|Any CPU
		{BF1EF7B6-53B3-4BA0-A904-96A540C6549C}.AppStore|iPhoneSimulator.Build.0 = Debug|Any CPU
		{BF1EF7B6-53B3-4BA0-A904-96A540C6549C}.AppStore|x64.ActiveCfg = Debug|Any CPU
		{BF1EF7B6-53B3-4BA0-A904-96A540C6549C}.AppStore|x64.Build.0 = Debug|Any CPU
		{BF1EF7B6-53B3-4BA0-A904-96A540C6549C}.AppStore|x86.ActiveCfg = Debug|Any CPU
		{BF1EF7B6-53B3-4BA0-A904-96A540C6549C}.AppStore|x86.Build.0 = Debug|Any CPU
		{BF1EF7B6-53B3-4BA0-A904-96A540C6549C}.Debug|Any CPU.ActiveCfg = Debug|Any CPU
		{BF1EF7B6-53B3-4BA0-A904-96A540C6549C}.Debug|Any CPU.Build.0 = Debug|Any CPU
		{BF1EF7B6-53B3-4BA0-A904-96A540C6549C}.Debug|ARM.ActiveCfg = Debug|Any CPU
		{BF1EF7B6-53B3-4BA0-A904-96A540C6549C}.Debug|ARM.Build.0 = Debug|Any CPU
		{BF1EF7B6-53B3-4BA0-A904-96A540C6549C}.Debug|iPhone.ActiveCfg = Debug|Any CPU
		{BF1EF7B6-53B3-4BA0-A904-96A540C6549C}.Debug|iPhone.Build.0 = Debug|Any CPU
		{BF1EF7B6-53B3-4BA0-A904-96A540C6549C}.Debug|iPhoneSimulator.ActiveCfg = Debug|Any CPU
		{BF1EF7B6-53B3-4BA0-A904-96A540C6549C}.Debug|iPhoneSimulator.Build.0 = Debug|Any CPU
		{BF1EF7B6-53B3-4BA0-A904-96A540C6549C}.Debug|x64.ActiveCfg = Debug|Any CPU
		{BF1EF7B6-53B3-4BA0-A904-96A540C6549C}.Debug|x64.Build.0 = Debug|Any CPU
		{BF1EF7B6-53B3-4BA0-A904-96A540C6549C}.Debug|x86.ActiveCfg = Debug|Any CPU
		{BF1EF7B6-53B3-4BA0-A904-96A540C6549C}.Debug|x86.Build.0 = Debug|Any CPU
		{BF1EF7B6-53B3-4BA0-A904-96A540C6549C}.Release|Any CPU.ActiveCfg = Release|Any CPU
		{BF1EF7B6-53B3-4BA0-A904-96A540C6549C}.Release|Any CPU.Build.0 = Release|Any CPU
		{BF1EF7B6-53B3-4BA0-A904-96A540C6549C}.Release|ARM.ActiveCfg = Release|Any CPU
		{BF1EF7B6-53B3-4BA0-A904-96A540C6549C}.Release|ARM.Build.0 = Release|Any CPU
		{BF1EF7B6-53B3-4BA0-A904-96A540C6549C}.Release|iPhone.ActiveCfg = Release|Any CPU
		{BF1EF7B6-53B3-4BA0-A904-96A540C6549C}.Release|iPhone.Build.0 = Release|Any CPU
		{BF1EF7B6-53B3-4BA0-A904-96A540C6549C}.Release|iPhoneSimulator.ActiveCfg = Release|Any CPU
		{BF1EF7B6-53B3-4BA0-A904-96A540C6549C}.Release|iPhoneSimulator.Build.0 = Release|Any CPU
		{BF1EF7B6-53B3-4BA0-A904-96A540C6549C}.Release|x64.ActiveCfg = Release|Any CPU
		{BF1EF7B6-53B3-4BA0-A904-96A540C6549C}.Release|x64.Build.0 = Release|Any CPU
		{BF1EF7B6-53B3-4BA0-A904-96A540C6549C}.Release|x86.ActiveCfg = Release|Any CPU
		{BF1EF7B6-53B3-4BA0-A904-96A540C6549C}.Release|x86.Build.0 = Release|Any CPU
	EndGlobalSection
	GlobalSection(SolutionProperties) = preSolution
		HideSolutionNode = FALSE
	EndGlobalSection
	GlobalSection(NestedProjects) = preSolution
		{EDBFA92F-513D-425B-B8F8-6D27FD3B3007} = {66F4BFD7-21BC-47AE-8EB6-6F3DCAE709DE}
		{18BF3092-F248-4D0A-ACF5-26BF1F22A753} = {66F4BFD7-21BC-47AE-8EB6-6F3DCAE709DE}
		{082D0C37-99EC-4E54-AE03-453FE6B2FF25} = {66F4BFD7-21BC-47AE-8EB6-6F3DCAE709DE}
		{840EDB0D-90DB-4EBF-95BC-EEF2CF54E20B} = {66F4BFD7-21BC-47AE-8EB6-6F3DCAE709DE}
		{AABF5FC2-4D4D-46A2-B7BE-7E7E50ABC852} = {B84097E3-B2E5-462B-A26E-18FB80048F38}
		{47421D91-3DC2-4009-BEB1-8E50AD80F7EB} = {B84097E3-B2E5-462B-A26E-18FB80048F38}
		{BF1EF7B6-53B3-4BA0-A904-96A540C6549C} = {B84097E3-B2E5-462B-A26E-18FB80048F38}
	EndGlobalSection
	GlobalSection(ExtensibilityGlobals) = postSolution
		SolutionGuid = {762346CB-1AF9-4879-8405-DF7F6A87F627}
	EndGlobalSection
EndGlobal
